{
  "name": "multi-job-calculator-cli",
  "version": "1.0.0",
  "lockfileVersion": 3,
  "requires": true,
  "packages": {
    "": {
      "name": "multi-job-calculator-cli",
      "version": "1.0.0",
      "bin": {
        "calculator-cli": "bin/cli.js"
      },
      "engines": {
        "node": ">=22"
      }
    }
  }
}
